
Microsoft Visual Studio Solution File, Format Version 12.00
# Visual Studio Version 17
VisualStudioVersion = 17.7.34302.85
MinimumVisualStudioVersion = 10.0.40219.1
Project("{9A19103F-16F7-4668-BE54-9A1E7A4F7556}") = "Example", "Example\Example.csproj", "{AC32BBC4-C618-4C5F-A088-DFC3EE0EB732}"
EndProject
Project("{2150E333-8FDC-42A3-9474-1A3956D46DE8}") = "Misc", "Misc", "{5CF2C52F-887D-4FB2-B9DB-C732EF01B8C9}"
	ProjectSection(SolutionItems) = preProject
		LICENSE = LICENSE
		README.md = README.md
	EndProjectSection
EndProject
Project("{FAE04EC0-301F-11D3-BF4B-00C04F79EFBC}") = "wrap", "wrap\wrap.csproj", "{D7F118D9-0862-4A20-BD39-5B93D3DA0C49}"
EndProject
Project("{FAE04EC0-301F-11D3-BF4B-00C04F79EFBC}") = "wrap.DNF", "wrap.DNF\wrap.DNF.csproj", "{6FCFB103-59C6-4ACC-994C-1568B386AD7D}"
EndProject
Global
	GlobalSection(SolutionConfigurationPlatforms) = preSolution
		Debug|Any CPU = Debug|Any CPU
		Release|Any CPU = Release|Any CPU
	EndGlobalSection
	GlobalSection(ProjectConfigurationPlatforms) = postSolution
		{AC32BBC4-C618-4C5F-A088-DFC3EE0EB732}.Debug|Any CPU.ActiveCfg = Debug|Any CPU
		{AC32BBC4-C618-4C5F-A088-DFC3EE0EB732}.Debug|Any CPU.Build.0 = Debug|Any CPU
		{AC32BBC4-C618-4C5F-A088-DFC3EE0EB732}.Release|Any CPU.ActiveCfg = Release|Any CPU
		{AC32BBC4-C618-4C5F-A088-DFC3EE0EB732}.Release|Any CPU.Build.0 = Release|Any CPU
		{D7F118D9-0862-4A20-BD39-5B93D3DA0C49}.Debug|Any CPU.ActiveCfg = Debug|Any CPU
		{D7F118D9-0862-4A20-BD39-5B93D3DA0C49}.Debug|Any CPU.Build.0 = Debug|Any CPU
		{D7F118D9-0862-4A20-BD39-5B93D3DA0C49}.Release|Any CPU.ActiveCfg = Release|Any CPU
		{D7F118D9-0862-4A20-BD39-5B93D3DA0C49}.Release|Any CPU.Build.0 = Release|Any CPU
		{6FCFB103-59C6-4ACC-994C-1568B386AD7D}.Debug|Any CPU.ActiveCfg = Debug|Any CPU
		{6FCFB103-59C6-4ACC-994C-1568B386AD7D}.Debug|Any CPU.Build.0 = Debug|Any CPU
		{6FCFB103-59C6-4ACC-994C-1568B386AD7D}.Release|Any CPU.ActiveCfg = Release|Any CPU
		{6FCFB103-59C6-4ACC-994C-1568B386AD7D}.Release|Any CPU.Build.0 = Release|Any CPU
	EndGlobalSection
	GlobalSection(SolutionProperties) = preSolution
		HideSolutionNode = FALSE
	EndGlobalSection
	GlobalSection(ExtensibilityGlobals) = postSolution
		SolutionGuid = {D73FF3AB-4080-466E-889A-3CC47B9BE710}
	EndGlobalSection
EndGlobal
